PODS:
  - BlueBillywigPlayerSDK (1.4.1.30)
  - BlueBillywigPlayerSDKPreXCode11 (1.4.1.28)

DEPENDENCIES:
  - BlueBillywigPlayerSDK (from `../`)
  - BlueBillywigPlayerSDKPreXCode11 (from `../`)

EXTERNAL SOURCES:
  BlueBillywigPlayerSDK:
    :path: "../"
  BlueBillywigPlayerSDKPreXCode11:
    :path: "../"

SPEC CHECKSUMS:
  BlueBillywigPlayerSDK: 9e96e81987474eaf09622df8b608c5837f00be36
  BlueBillywigPlayerSDKPreXCode11: 814540887a9cd4fe85217fb0ef8a3b902e501488

PODFILE CHECKSUM: 5d3ba98288ea84453540c6c7e9c5296f8ecbac9c

COCOAPODS: 1.10.1
