PODS:
  - BlueBillywigPlayerSDK (1.4.1.29)

DEPENDENCIES:
  - BlueBillywigPlayerSDK (from `https://github.com/bluebillywig/playerSdkLibraries.git`, tag `1.4.1.29`)

EXTERNAL SOURCES:
  BlueBillywigPlayerSDK:
    :git: https://github.com/bluebillywig/playerSdkLibraries.git
    :tag: 1.4.1.29

CHECKOUT OPTIONS:
  BlueBillywigPlayerSDK:
    :git: https://github.com/bluebillywig/playerSdkLibraries.git
    :tag: 1.4.1.29

SPEC CHECKSUMS:
  BlueBillywigPlayerSDK: c3118eedfd039e272f7be63efd47be2b4386b63f

PODFILE CHECKSUM: 2c342f4294916b0a977269e461a6f62a5f7eb78d

COCOAPODS: 1.10.1
